
Microsoft Visual Studio Solution File, Format Version 12.00
# Visual Studio 14
VisualStudioVersion = 14.0.23107.0
MinimumVisualStudioVersion = 10.0.40219.1
Project("{FAE04EC0-301F-11D3-BF4B-00C04F79EFBC}") = "Jogo2DExemplo", "Jogo2DExemplo\Jogo2DExemplo.csproj", "{0B7B01EB-AFC3-4EDD-8B57-A494096C633A}"
EndProject
Global
	GlobalSection(SolutionConfigurationPlatforms) = preSolution
		Debug|x86 = Debug|x86
		Release|x86 = Release|x86
	EndGlobalSection
	GlobalSection(ProjectConfigurationPlatforms) = postSolution
		{0B7B01EB-AFC3-4EDD-8B57-A494096C633A}.Debug|x86.ActiveCfg = Debug|x86
		{0B7B01EB-AFC3-4EDD-8B57-A494096C633A}.Debug|x86.Build.0 = Debug|x86
		{0B7B01EB-AFC3-4EDD-8B57-A494096C633A}.Release|x86.ActiveCfg = Release|x86
		{0B7B01EB-AFC3-4EDD-8B57-A494096C633A}.Release|x86.Build.0 = Release|x86
	EndGlobalSection
	GlobalSection(SolutionProperties) = preSolution
		HideSolutionNode = FALSE
	EndGlobalSection
EndGlobal
